
Microsoft Visual Studio Solution File, Format Version 12.00
# Visual Studio Version 16
VisualStudioVersion = 16.0.29920.165
MinimumVisualStudioVersion = 10.0.40219.1
Project("{9A19103F-16F7-4668-BE54-9A1E7A4F7556}") = "MyFamilyManager.API", "Services\Core\MyFamilyManager.API\MyFamilyManager.API.csproj", "{9BFF84C6-F99C-4171-9840-79F20ABE341D}"
EndProject
Project("{2150E333-8FDC-42A3-9474-1A3956D46DE8}") = "src", "src", "{6B33B749-C8A4-4E54-8129-C03CF5F10D10}"
EndProject
Project("{2150E333-8FDC-42A3-9474-1A3956D46DE8}") = "Services", "Services", "{EFED7AB0-B579-4D1B-B257-5D8A9CFAB301}"
EndProject
Project("{2150E333-8FDC-42A3-9474-1A3956D46DE8}") = "Web", "Web", "{5A025939-6DEE-450E-9DBB-A46980101716}"
EndProject
Project("{2150E333-8FDC-42A3-9474-1A3956D46DE8}") = "Mobile", "Mobile", "{4C0141D6-F7B0-4F77-8251-CD6F5A69A09A}"
EndProject
Project("{2150E333-8FDC-42A3-9474-1A3956D46DE8}") = "Solution Items", "Solution Items", "{970793B1-D4EE-46AB-8D33-AD40D2436607}"
EndProject
Project("{2150E333-8FDC-42A3-9474-1A3956D46DE8}") = "Core", "Core", "{FA559136-8FBA-4171-9BB6-C5AA23B8D969}"
EndProject
Project("{2150E333-8FDC-42A3-9474-1A3956D46DE8}") = "Identity", "Identity", "{66519E43-EF39-4BD8-81A3-14C70B4075B7}"
EndProject
Project("{9A19103F-16F7-4668-BE54-9A1E7A4F7556}") = "MyFamilyManager.API.Repositories", "Services\Core\MyFamilyManager.API.Repositories\MyFamilyManager.API.Repositories.csproj", "{C7A17B48-AC8F-45CD-AD14-6512982A34BA}"
EndProject
Project("{9A19103F-16F7-4668-BE54-9A1E7A4F7556}") = "MyFamilyManager.API.Services", "Services\Core\MyFamilyManager.API.Services\MyFamilyManager.API.Services.csproj", "{73084AE8-67F5-48BC-A20F-D0A19CEE389E}"
EndProject
Project("{9A19103F-16F7-4668-BE54-9A1E7A4F7556}") = "MyFamilyManager.API.Core", "Services\Core\MyFamilyManager.API.Core\MyFamilyManager.API.Core.csproj", "{8DEDBB58-A356-4FC9-AFEB-EDF42632BBE3}"
EndProject
Project("{9A19103F-16F7-4668-BE54-9A1E7A4F7556}") = "MyFamilyManager.Identity.API", "Services\Identity\MyFamilyManager.Identity.API\MyFamilyManager.Identity.API.csproj", "{D9B36CC7-D256-4355-896C-51E7B2E46AF8}"
EndProject
Project("{9A19103F-16F7-4668-BE54-9A1E7A4F7556}") = "MyFamilyManager.Web", "Web\MyFamilyManager.Web\MyFamilyManager.Web.csproj", "{6C0B47F4-E8DF-4808-8E04-50A2A7E38362}"
EndProject
Project("{E53339B2-1760-4266-BCC7-CA923CBCF16C}") = "docker-compose", "docker-compose.dcproj", "{D9A6A7D9-0B7C-4EA4-AF53-925706E6A54B}"
EndProject
Project("{9A19103F-16F7-4668-BE54-9A1E7A4F7556}") = "MyFamilyManager.API.UnitTests", "Services\Core\MyFamilyManager.API.UnitTests\MyFamilyManager.API.UnitTests.csproj", "{4AFA9323-2EDD-46CD-A8B1-77B8F9574C23}"
EndProject
Project("{FAE04EC0-301F-11D3-BF4B-00C04F79EFBC}") = "MyFamilyManager.Mobile.Android", "Mobile\MyFamilyManager.Mobile\MyFamilyManager.Mobile.Android\MyFamilyManager.Mobile.Android.csproj", "{318BC4A5-BAEA-4CC8-9212-8FCB00E8B9EC}"
EndProject
Project("{FAE04EC0-301F-11D3-BF4B-00C04F79EFBC}") = "MyFamilyManager.Mobile.iOS", "Mobile\MyFamilyManager.Mobile\MyFamilyManager.Mobile.iOS\MyFamilyManager.Mobile.iOS.csproj", "{A9E689EF-3F38-4492-AA14-B8E45AD65B66}"
EndProject
Project("{FAE04EC0-301F-11D3-BF4B-00C04F79EFBC}") = "MyFamilyManager.Mobile", "Mobile\MyFamilyManager.Mobile\MyFamilyManager.Mobile\MyFamilyManager.Mobile.csproj", "{275FD5D7-5C86-4BEE-BB0D-D0515CAB9C0E}"
EndProject
Global
	GlobalSection(SolutionConfigurationPlatforms) = preSolution
		Debug|Any CPU = Debug|Any CPU
		Debug|iPhone = Debug|iPhone
		Debug|iPhoneSimulator = Debug|iPhoneSimulator
		Release|Any CPU = Release|Any CPU
		Release|iPhone = Release|iPhone
		Release|iPhoneSimulator = Release|iPhoneSimulator
	EndGlobalSection
	GlobalSection(ProjectConfigurationPlatforms) = postSolution
		{9BFF84C6-F99C-4171-9840-79F20ABE341D}.Debug|Any CPU.ActiveCfg = Debug|Any CPU
		{9BFF84C6-F99C-4171-9840-79F20ABE341D}.Debug|Any CPU.Build.0 = Debug|Any CPU
		{9BFF84C6-F99C-4171-9840-79F20ABE341D}.Debug|iPhone.ActiveCfg = Debug|Any CPU
		{9BFF84C6-F99C-4171-9840-79F20ABE341D}.Debug|iPhone.Build.0 = Debug|Any CPU
		{9BFF84C6-F99C-4171-9840-79F20ABE341D}.Debug|iPhoneSimulator.ActiveCfg = Debug|Any CPU
		{9BFF84C6-F99C-4171-9840-79F20ABE341D}.Debug|iPhoneSimulator.Build.0 = Debug|Any CPU
		{9BFF84C6-F99C-4171-9840-79F20ABE341D}.Release|Any CPU.ActiveCfg = Release|Any CPU
		{9BFF84C6-F99C-4171-9840-79F20ABE341D}.Release|Any CPU.Build.0 = Release|Any CPU
		{9BFF84C6-F99C-4171-9840-79F20ABE341D}.Release|iPhone.ActiveCfg = Release|Any CPU
		{9BFF84C6-F99C-4171-9840-79F20ABE341D}.Release|iPhone.Build.0 = Release|Any CPU
		{9BFF84C6-F99C-4171-9840-79F20ABE341D}.Release|iPhoneSimulator.ActiveCfg = Release|Any CPU
		{9BFF84C6-F99C-4171-9840-79F20ABE341D}.Release|iPhoneSimulator.Build.0 = Release|Any CPU
		{C7A17B48-AC8F-45CD-AD14-6512982A34BA}.Debug|Any CPU.ActiveCfg = Debug|Any CPU
		{C7A17B48-AC8F-45CD-AD14-6512982A34BA}.Debug|Any CPU.Build.0 = Debug|Any CPU
		{C7A17B48-AC8F-45CD-AD14-6512982A34BA}.Debug|iPhone.ActiveCfg = Debug|Any CPU
		{C7A17B48-AC8F-45CD-AD14-6512982A34BA}.Debug|iPhone.Build.0 = Debug|Any CPU
		{C7A17B48-AC8F-45CD-AD14-6512982A34BA}.Debug|iPhoneSimulator.ActiveCfg = Debug|Any CPU
		{C7A17B48-AC8F-45CD-AD14-6512982A34BA}.Debug|iPhoneSimulator.Build.0 = Debug|Any CPU
		{C7A17B48-AC8F-45CD-AD14-6512982A34BA}.Release|Any CPU.ActiveCfg = Release|Any CPU
		{C7A17B48-AC8F-45CD-AD14-6512982A34BA}.Release|Any CPU.Build.0 = Release|Any CPU
		{C7A17B48-AC8F-45CD-AD14-6512982A34BA}.Release|iPhone.ActiveCfg = Release|Any CPU
		{C7A17B48-AC8F-45CD-AD14-6512982A34BA}.Release|iPhone.Build.0 = Release|Any CPU
		{C7A17B48-AC8F-45CD-AD14-6512982A34BA}.Release|iPhoneSimulator.ActiveCfg = Release|Any CPU
		{C7A17B48-AC8F-45CD-AD14-6512982A34BA}.Release|iPhoneSimulator.Build.0 = Release|Any CPU
		{73084AE8-67F5-48BC-A20F-D0A19CEE389E}.Debug|Any CPU.ActiveCfg = Debug|Any CPU
		{73084AE8-67F5-48BC-A20F-D0A19CEE389E}.Debug|Any CPU.Build.0 = Debug|Any CPU
		{73084AE8-67F5-48BC-A20F-D0A19CEE389E}.Debug|iPhone.ActiveCfg = Debug|Any CPU
		{73084AE8-67F5-48BC-A20F-D0A19CEE389E}.Debug|iPhone.Build.0 = Debug|Any CPU
		{73084AE8-67F5-48BC-A20F-D0A19CEE389E}.Debug|iPhoneSimulator.ActiveCfg = Debug|Any CPU
		{73084AE8-67F5-48BC-A20F-D0A19CEE389E}.Debug|iPhoneSimulator.Build.0 = Debug|Any CPU
		{73084AE8-67F5-48BC-A20F-D0A19CEE389E}.Release|Any CPU.ActiveCfg = Release|Any CPU
		{73084AE8-67F5-48BC-A20F-D0A19CEE389E}.Release|Any CPU.Build.0 = Release|Any CPU
		{73084AE8-67F5-48BC-A20F-D0A19CEE389E}.Release|iPhone.ActiveCfg = Release|Any CPU
		{73084AE8-67F5-48BC-A20F-D0A19CEE389E}.Release|iPhone.Build.0 = Release|Any CPU
		{73084AE8-67F5-48BC-A20F-D0A19CEE389E}.Release|iPhoneSimulator.ActiveCfg = Release|Any CPU
		{73084AE8-67F5-48BC-A20F-D0A19CEE389E}.Release|iPhoneSimulator.Build.0 = Release|Any CPU
		{8DEDBB58-A356-4FC9-AFEB-EDF42632BBE3}.Debug|Any CPU.ActiveCfg = Debug|Any CPU
		{8DEDBB58-A356-4FC9-AFEB-EDF42632BBE3}.Debug|Any CPU.Build.0 = Debug|Any CPU
		{8DEDBB58-A356-4FC9-AFEB-EDF42632BBE3}.Debug|iPhone.ActiveCfg = Debug|Any CPU
		{8DEDBB58-A356-4FC9-AFEB-EDF42632BBE3}.Debug|iPhone.Build.0 = Debug|Any CPU
		{8DEDBB58-A356-4FC9-AFEB-EDF42632BBE3}.Debug|iPhoneSimulator.ActiveCfg = Debug|Any CPU
		{8DEDBB58-A356-4FC9-AFEB-EDF42632BBE3}.Debug|iPhoneSimulator.Build.0 = Debug|Any CPU
		{8DEDBB58-A356-4FC9-AFEB-EDF42632BBE3}.Release|Any CPU.ActiveCfg = Release|Any CPU
		{8DEDBB58-A356-4FC9-AFEB-EDF42632BBE3}.Release|Any CPU.Build.0 = Release|Any CPU
		{8DEDBB58-A356-4FC9-AFEB-EDF42632BBE3}.Release|iPhone.ActiveCfg = Release|Any CPU
		{8DEDBB58-A356-4FC9-AFEB-EDF42632BBE3}.Release|iPhone.Build.0 = Release|Any CPU
		{8DEDBB58-A356-4FC9-AFEB-EDF42632BBE3}.Release|iPhoneSimulator.ActiveCfg = Release|Any CPU
		{8DEDBB58-A356-4FC9-AFEB-EDF42632BBE3}.Release|iPhoneSimulator.Build.0 = Release|Any CPU
		{D9B36CC7-D256-4355-896C-51E7B2E46AF8}.Debug|Any CPU.ActiveCfg = Debug|Any CPU
		{D9B36CC7-D256-4355-896C-51E7B2E46AF8}.Debug|Any CPU.Build.0 = Debug|Any CPU
		{D9B36CC7-D256-4355-896C-51E7B2E46AF8}.Debug|iPhone.ActiveCfg = Debug|Any CPU
		{D9B36CC7-D256-4355-896C-51E7B2E46AF8}.Debug|iPhone.Build.0 = Debug|Any CPU
		{D9B36CC7-D256-4355-896C-51E7B2E46AF8}.Debug|iPhoneSimulator.ActiveCfg = Debug|Any CPU
		{D9B36CC7-D256-4355-896C-51E7B2E46AF8}.Debug|iPhoneSimulator.Build.0 = Debug|Any CPU
		{D9B36CC7-D256-4355-896C-51E7B2E46AF8}.Release|Any CPU.ActiveCfg = Release|Any CPU
		{D9B36CC7-D256-4355-896C-51E7B2E46AF8}.Release|Any CPU.Build.0 = Release|Any CPU
		{D9B36CC7-D256-4355-896C-51E7B2E46AF8}.Release|iPhone.ActiveCfg = Release|Any CPU
		{D9B36CC7-D256-4355-896C-51E7B2E46AF8}.Release|iPhone.Build.0 = Release|Any CPU
		{D9B36CC7-D256-4355-896C-51E7B2E46AF8}.Release|iPhoneSimulator.ActiveCfg = Release|Any CPU
		{D9B36CC7-D256-4355-896C-51E7B2E46AF8}.Release|iPhoneSimulator.Build.0 = Release|Any CPU
		{6C0B47F4-E8DF-4808-8E04-50A2A7E38362}.Debug|Any CPU.ActiveCfg = Debug|Any CPU
		{6C0B47F4-E8DF-4808-8E04-50A2A7E38362}.Debug|Any CPU.Build.0 = Debug|Any CPU
		{6C0B47F4-E8DF-4808-8E04-50A2A7E38362}.Debug|iPhone.ActiveCfg = Debug|Any CPU
		{6C0B47F4-E8DF-4808-8E04-50A2A7E38362}.Debug|iPhone.Build.0 = Debug|Any CPU
		{6C0B47F4-E8DF-4808-8E04-50A2A7E38362}.Debug|iPhoneSimulator.ActiveCfg = Debug|Any CPU
		{6C0B47F4-E8DF-4808-8E04-50A2A7E38362}.Debug|iPhoneSimulator.Build.0 = Debug|Any CPU
		{6C0B47F4-E8DF-4808-8E04-50A2A7E38362}.Release|Any CPU.ActiveCfg = Release|Any CPU
		{6C0B47F4-E8DF-4808-8E04-50A2A7E38362}.Release|Any CPU.Build.0 = Release|Any CPU
		{6C0B47F4-E8DF-4808-8E04-50A2A7E38362}.Release|iPhone.ActiveCfg = Release|Any CPU
		{6C0B47F4-E8DF-4808-8E04-50A2A7E38362}.Release|iPhone.Build.0 = Release|Any CPU
		{6C0B47F4-E8DF-4808-8E04-50A2A7E38362}.Release|iPhoneSimulator.ActiveCfg = Release|Any CPU
		{6C0B47F4-E8DF-4808-8E04-50A2A7E38362}.Release|iPhoneSimulator.Build.0 = Release|Any CPU
		{D9A6A7D9-0B7C-4EA4-AF53-925706E6A54B}.Debug|Any CPU.ActiveCfg = Debug|Any CPU
		{D9A6A7D9-0B7C-4EA4-AF53-925706E6A54B}.Debug|Any CPU.Build.0 = Debug|Any CPU
		{D9A6A7D9-0B7C-4EA4-AF53-925706E6A54B}.Debug|iPhone.ActiveCfg = Debug|Any CPU
		{D9A6A7D9-0B7C-4EA4-AF53-925706E6A54B}.Debug|iPhone.Build.0 = Debug|Any CPU
		{D9A6A7D9-0B7C-4EA4-AF53-925706E6A54B}.Debug|iPhoneSimulator.ActiveCfg = Debug|Any CPU
		{D9A6A7D9-0B7C-4EA4-AF53-925706E6A54B}.Debug|iPhoneSimulator.Build.0 = Debug|Any CPU
		{D9A6A7D9-0B7C-4EA4-AF53-925706E6A54B}.Release|Any CPU.ActiveCfg = Release|Any CPU
		{D9A6A7D9-0B7C-4EA4-AF53-925706E6A54B}.Release|Any CPU.Build.0 = Release|Any CPU
		{D9A6A7D9-0B7C-4EA4-AF53-925706E6A54B}.Release|iPhone.ActiveCfg = Release|Any CPU
		{D9A6A7D9-0B7C-4EA4-AF53-925706E6A54B}.Release|iPhone.Build.0 = Release|Any CPU
		{D9A6A7D9-0B7C-4EA4-AF53-925706E6A54B}.Release|iPhoneSimulator.ActiveCfg = Release|Any CPU
		{D9A6A7D9-0B7C-4EA4-AF53-925706E6A54B}.Release|iPhoneSimulator.Build.0 = Release|Any CPU
		{4AFA9323-2EDD-46CD-A8B1-77B8F9574C23}.Debug|Any CPU.ActiveCfg = Debug|Any CPU
		{4AFA9323-2EDD-46CD-A8B1-77B8F9574C23}.Debug|Any CPU.Build.0 = Debug|Any CPU
		{4AFA9323-2EDD-46CD-A8B1-77B8F9574C23}.Debug|iPhone.ActiveCfg = Debug|Any CPU
		{4AFA9323-2EDD-46CD-A8B1-77B8F9574C23}.Debug|iPhone.Build.0 = Debug|Any CPU
		{4AFA9323-2EDD-46CD-A8B1-77B8F9574C23}.Debug|iPhoneSimulator.ActiveCfg = Debug|Any CPU
		{4AFA9323-2EDD-46CD-A8B1-77B8F9574C23}.Debug|iPhoneSimulator.Build.0 = Debug|Any CPU
		{4AFA9323-2EDD-46CD-A8B1-77B8F9574C23}.Release|Any CPU.ActiveCfg = Release|Any CPU
		{4AFA9323-2EDD-46CD-A8B1-77B8F9574C23}.Release|Any CPU.Build.0 = Release|Any CPU
		{4AFA9323-2EDD-46CD-A8B1-77B8F9574C23}.Release|iPhone.ActiveCfg = Release|Any CPU
		{4AFA9323-2EDD-46CD-A8B1-77B8F9574C23}.Release|iPhone.Build.0 = Release|Any CPU
		{4AFA9323-2EDD-46CD-A8B1-77B8F9574C23}.Release|iPhoneSimulator.ActiveCfg = Release|Any CPU
		{4AFA9323-2EDD-46CD-A8B1-77B8F9574C23}.Release|iPhoneSimulator.Build.0 = Release|Any CPU
		{318BC4A5-BAEA-4CC8-9212-8FCB00E8B9EC}.Debug|Any CPU.ActiveCfg = Debug|Any CPU
		{318BC4A5-BAEA-4CC8-9212-8FCB00E8B9EC}.Debug|Any CPU.Build.0 = Debug|Any CPU
		{318BC4A5-BAEA-4CC8-9212-8FCB00E8B9EC}.Debug|Any CPU.Deploy.0 = Debug|Any CPU
		{318BC4A5-BAEA-4CC8-9212-8FCB00E8B9EC}.Debug|iPhone.ActiveCfg = Debug|Any CPU
		{318BC4A5-BAEA-4CC8-9212-8FCB00E8B9EC}.Debug|iPhone.Build.0 = Debug|Any CPU
		{318BC4A5-BAEA-4CC8-9212-8FCB00E8B9EC}.Debug|iPhone.Deploy.0 = Debug|Any CPU
		{318BC4A5-BAEA-4CC8-9212-8FCB00E8B9EC}.Debug|iPhoneSimulator.ActiveCfg = Debug|Any CPU
		{318BC4A5-BAEA-4CC8-9212-8FCB00E8B9EC}.Debug|iPhoneSimulator.Build.0 = Debug|Any CPU
		{318BC4A5-BAEA-4CC8-9212-8FCB00E8B9EC}.Debug|iPhoneSimulator.Deploy.0 = Debug|Any CPU
		{318BC4A5-BAEA-4CC8-9212-8FCB00E8B9EC}.Release|Any CPU.ActiveCfg = Release|Any CPU
		{318BC4A5-BAEA-4CC8-9212-8FCB00E8B9EC}.Release|Any CPU.Build.0 = Release|Any CPU
		{318BC4A5-BAEA-4CC8-9212-8FCB00E8B9EC}.Release|Any CPU.Deploy.0 = Release|Any CPU
		{318BC4A5-BAEA-4CC8-9212-8FCB00E8B9EC}.Release|iPhone.ActiveCfg = Release|Any CPU
		{318BC4A5-BAEA-4CC8-9212-8FCB00E8B9EC}.Release|iPhone.Build.0 = Release|Any CPU
		{318BC4A5-BAEA-4CC8-9212-8FCB00E8B9EC}.Release|iPhone.Deploy.0 = Release|Any CPU
		{318BC4A5-BAEA-4CC8-9212-8FCB00E8B9EC}.Release|iPhoneSimulator.ActiveCfg = Release|Any CPU
		{318BC4A5-BAEA-4CC8-9212-8FCB00E8B9EC}.Release|iPhoneSimulator.Build.0 = Release|Any CPU
		{318BC4A5-BAEA-4CC8-9212-8FCB00E8B9EC}.Release|iPhoneSimulator.Deploy.0 = Release|Any CPU
		{A9E689EF-3F38-4492-AA14-B8E45AD65B66}.Debug|Any CPU.ActiveCfg = Debug|iPhone
		{A9E689EF-3F38-4492-AA14-B8E45AD65B66}.Debug|iPhone.ActiveCfg = Debug|iPhone
		{A9E689EF-3F38-4492-AA14-B8E45AD65B66}.Debug|iPhone.Build.0 = Debug|iPhone
		{A9E689EF-3F38-4492-AA14-B8E45AD65B66}.Debug|iPhoneSimulator.ActiveCfg = Debug|iPhoneSimulator
		{A9E689EF-3F38-4492-AA14-B8E45AD65B66}.Debug|iPhoneSimulator.Build.0 = Debug|iPhoneSimulator
		{A9E689EF-3F38-4492-AA14-B8E45AD65B66}.Release|Any CPU.ActiveCfg = Release|iPhone
		{A9E689EF-3F38-4492-AA14-B8E45AD65B66}.Release|iPhone.ActiveCfg = Release|iPhone
		{A9E689EF-3F38-4492-AA14-B8E45AD65B66}.Release|iPhone.Build.0 = Release|iPhone
		{A9E689EF-3F38-4492-AA14-B8E45AD65B66}.Release|iPhoneSimulator.ActiveCfg = Release|iPhoneSimulator
		{A9E689EF-3F38-4492-AA14-B8E45AD65B66}.Release|iPhoneSimulator.Build.0 = Release|iPhoneSimulator
		{275FD5D7-5C86-4BEE-BB0D-D0515CAB9C0E}.Debug|Any CPU.ActiveCfg = Debug|Any CPU
		{275FD5D7-5C86-4BEE-BB0D-D0515CAB9C0E}.Debug|Any CPU.Build.0 = Debug|Any CPU
		{275FD5D7-5C86-4BEE-BB0D-D0515CAB9C0E}.Debug|iPhone.ActiveCfg = Debug|Any CPU
		{275FD5D7-5C86-4BEE-BB0D-D0515CAB9C0E}.Debug|iPhone.Build.0 = Debug|Any CPU
		{275FD5D7-5C86-4BEE-BB0D-D0515CAB9C0E}.Debug|iPhoneSimulator.ActiveCfg = Debug|Any CPU
		{275FD5D7-5C86-4BEE-BB0D-D0515CAB9C0E}.Debug|iPhoneSimulator.Build.0 = Debug|Any CPU
		{275FD5D7-5C86-4BEE-BB0D-D0515CAB9C0E}.Release|Any CPU.ActiveCfg = Release|Any CPU
		{275FD5D7-5C86-4BEE-BB0D-D0515CAB9C0E}.Release|Any CPU.Build.0 = Release|Any CPU
		{275FD5D7-5C86-4BEE-BB0D-D0515CAB9C0E}.Release|iPhone.ActiveCfg = Release|Any CPU
		{275FD5D7-5C86-4BEE-BB0D-D0515CAB9C0E}.Release|iPhone.Build.0 = Release|Any CPU
		{275FD5D7-5C86-4BEE-BB0D-D0515CAB9C0E}.Release|iPhoneSimulator.ActiveCfg = Release|Any CPU
		{275FD5D7-5C86-4BEE-BB0D-D0515CAB9C0E}.Release|iPhoneSimulator.Build.0 = Release|Any CPU
	EndGlobalSection
	GlobalSection(SolutionProperties) = preSolution
		HideSolutionNode = FALSE
	EndGlobalSection
	GlobalSection(NestedProjects) = preSolution
		{9BFF84C6-F99C-4171-9840-79F20ABE341D} = {FA559136-8FBA-4171-9BB6-C5AA23B8D969}
		{EFED7AB0-B579-4D1B-B257-5D8A9CFAB301} = {6B33B749-C8A4-4E54-8129-C03CF5F10D10}
		{5A025939-6DEE-450E-9DBB-A46980101716} = {6B33B749-C8A4-4E54-8129-C03CF5F10D10}
		{4C0141D6-F7B0-4F77-8251-CD6F5A69A09A} = {6B33B749-C8A4-4E54-8129-C03CF5F10D10}
		{FA559136-8FBA-4171-9BB6-C5AA23B8D969} = {EFED7AB0-B579-4D1B-B257-5D8A9CFAB301}
		{66519E43-EF39-4BD8-81A3-14C70B4075B7} = {EFED7AB0-B579-4D1B-B257-5D8A9CFAB301}
		{C7A17B48-AC8F-45CD-AD14-6512982A34BA} = {FA559136-8FBA-4171-9BB6-C5AA23B8D969}
		{73084AE8-67F5-48BC-A20F-D0A19CEE389E} = {FA559136-8FBA-4171-9BB6-C5AA23B8D969}
		{8DEDBB58-A356-4FC9-AFEB-EDF42632BBE3} = {FA559136-8FBA-4171-9BB6-C5AA23B8D969}
		{D9B36CC7-D256-4355-896C-51E7B2E46AF8} = {66519E43-EF39-4BD8-81A3-14C70B4075B7}
		{6C0B47F4-E8DF-4808-8E04-50A2A7E38362} = {5A025939-6DEE-450E-9DBB-A46980101716}
		{4AFA9323-2EDD-46CD-A8B1-77B8F9574C23} = {FA559136-8FBA-4171-9BB6-C5AA23B8D969}
		{318BC4A5-BAEA-4CC8-9212-8FCB00E8B9EC} = {4C0141D6-F7B0-4F77-8251-CD6F5A69A09A}
		{A9E689EF-3F38-4492-AA14-B8E45AD65B66} = {4C0141D6-F7B0-4F77-8251-CD6F5A69A09A}
		{275FD5D7-5C86-4BEE-BB0D-D0515CAB9C0E} = {4C0141D6-F7B0-4F77-8251-CD6F5A69A09A}
	EndGlobalSection
	GlobalSection(ExtensibilityGlobals) = postSolution
		SolutionGuid = {F908B182-8422-49AC-8BFC-DF9F3C996DD7}
	EndGlobalSection
EndGlobal
